
Microsoft Visual Studio Solution File, Format Version 12.00
# Visual Studio Version 16
VisualStudioVersion = 16.0.31005.135
MinimumVisualStudioVersion = 10.0.40219.1
Project("{FAE04EC0-301F-11D3-BF4B-00C04F79EFBC}") = "CShaprOOPTriangle", "CShaprOOPTriangle\CShaprOOPTriangle.csproj", "{7CBE787A-10E8-430E-989E-F7B556B5ADC8}"
EndProject
Global
	GlobalSection(SolutionConfigurationPlatforms) = preSolution
		Debug|Any CPU = Debug|Any CPU
		Release|Any CPU = Release|Any CPU
	EndGlobalSection
	GlobalSection(ProjectConfigurationPlatforms) = postSolution
		{7CBE787A-10E8-430E-989E-F7B556B5ADC8}.Debug|Any CPU.ActiveCfg = Debug|Any CPU
		{7CBE787A-10E8-430E-989E-F7B556B5ADC8}.Debug|Any CPU.Build.0 = Debug|Any CPU
		{7CBE787A-10E8-430E-989E-F7B556B5ADC8}.Release|Any CPU.ActiveCfg = Release|Any CPU
		{7CBE787A-10E8-430E-989E-F7B556B5ADC8}.Release|Any CPU.Build.0 = Release|Any CPU
	EndGlobalSection
	GlobalSection(SolutionProperties) = preSolution
		HideSolutionNode = FALSE
	EndGlobalSection
	GlobalSection(ExtensibilityGlobals) = postSolution
		SolutionGuid = {F9C933C4-6BA7-4B2A-A4BC-B4DD1B419C87}
	EndGlobalSection
EndGlobal
