
Microsoft Visual Studio Solution File, Format Version 12.00
# Visual Studio Version 16
VisualStudioVersion = 16.0.30907.101
MinimumVisualStudioVersion = 10.0.40219.1
Project("{888888A0-9F3D-457C-B088-3A5042F75D52}") = "StudentsOOP", "StudentsOOP\StudentsOOP.pyproj", "{AC05C727-7A3E-4D2A-B481-94B3414342F4}"
EndProject
Global
	GlobalSection(SolutionConfigurationPlatforms) = preSolution
		Debug|Any CPU = Debug|Any CPU
		Release|Any CPU = Release|Any CPU
	EndGlobalSection
	GlobalSection(ProjectConfigurationPlatforms) = postSolution
		{AC05C727-7A3E-4D2A-B481-94B3414342F4}.Debug|Any CPU.ActiveCfg = Debug|Any CPU
		{AC05C727-7A3E-4D2A-B481-94B3414342F4}.Release|Any CPU.ActiveCfg = Release|Any CPU
	EndGlobalSection
	GlobalSection(SolutionProperties) = preSolution
		HideSolutionNode = FALSE
	EndGlobalSection
	GlobalSection(ExtensibilityGlobals) = postSolution
		SolutionGuid = {DD609CE1-F0CF-494C-A5A4-2D1C961249A2}
	EndGlobalSection
EndGlobal
